{
  "name": "ecommerce",
  "version": "1.0.0",
  "lockfileVersion": 1,
  "requires": true,
  "dependencies": {
    "@hapi/joi": {
      "version": "16.0.1",
      "resolved": "https://registry.npmjs.org/@hapi/joi/-/joi-16.0.1.tgz",
      "integrity": "sha512-5TdjUnNAaK7+lWZ2HRXtgOnxe4VBoJLoX0XOrfkmw+2n4/VJ6wwOJMoD7u/F9alLsP31kOWDbnQhtS0WAKwD4Q=="
    },
    "bcryptjs": {
      "version": "2.4.3",
      "resolved": "https://registry.npmjs.org/bcryptjs/-/bcryptjs-2.4.3.tgz",
      "integrity": "sha1-mrVie5PmBiH/fNrF2pczAn3x0Ms="
    },
    "chai": {
      "version": "4.2.0",
      "resolved": "https://registry.npmjs.org/chai/-/chai-4.2.0.tgz",
      "integrity": "sha512-XQU3bhBukrOsQCuwZndwGcCVQHyZi53fQ6Ys1Fym7E4olpIqqZZhhoFJoaKVvV17lWQoXYwgWN2nF5crA8J2jw=="
    },
    "chai-http": {
      "version": "4.3.0",
      "resolved": "https://registry.npmjs.org/chai-http/-/chai-http-4.3.0.tgz",
      "integrity": "sha512-zFTxlN7HLMv+7+SPXZdkd5wUlK+KxH6Q7bIEMiEx0FK3zuuMqL7cwICAQ0V1+yYRozBburYuxN1qZstgHpFZQg=="
    },
    "cloudinary": {
      "version": "1.15.0",
      "resolved": "https://registry.npmjs.org/cloudinary/-/cloudinary-1.15.0.tgz",
      "integrity": "sha512-31E7i7BOVOPfr1uLJhmuK2ZnBvlNv5+/RXmcfUn06kao03aSWDwQ4AuybQiem90jTwMXf2QX3L1f0RVkCbdQ7w=="
    },
    "config": {
      "version": "3.2.2",
      "resolved": "https://registry.npmjs.org/config/-/config-3.2.2.tgz",
      "integrity": "sha512-rOsfIOAcG82AWouK4/vBS/OKz3UPl2T/kP0irExmXJJOoWg2CmdfPLdx56bCoMUMFNh+7soQkQWCUC8DyemiwQ=="
    },
    "cors": {
      "version": "2.8.5",
      "resolved": "https://registry.npmjs.org/cors/-/cors-2.8.5.tgz",
      "integrity": "sha512-KIHbLJqu73RGr/hnbrO9uBeixNGuvSQjul/jdFvS/KFSIH1hWVd1ng7zOHx+YrEfInLG7q4n6GHQ9cDtxv/P6g=="
    },
    "datauri": {
      "version": "2.0.0",
      "resolved": "https://registry.npmjs.org/datauri/-/datauri-2.0.0.tgz",
      "integrity": "sha512-zS2HSf9pI5XPlNZgIqJg/wCJpecgU/HA6E/uv2EfaWnW1EiTGLfy/EexTIsC9c99yoCOTXlqeeWk4FkCSuO3/g=="
    },
    "dotenv": {
      "version": "8.1.0",
      "resolved": "https://registry.npmjs.org/dotenv/-/dotenv-8.1.0.tgz",
      "integrity": "sha512-GUE3gqcDCaMltj2++g6bRQ5rBJWtkWTmqmD0fo1RnnMuUqHNCt2oTPeDnS9n6fKYvlhn7AeBkb38lymBtWBQdA=="
    },
    "express": {
      "version": "4.17.1",
      "resolved": "https://registry.npmjs.org/express/-/express-4.17.1.tgz",
      "integrity": "sha512-mHJ9O79RqluphRrcw2X/GTh3k9tVv8YcoyY4Kkh4WDMUYKRZUq0h1o0w2rrrxBqM7VoeUVqgb27xlEMXTnYt4g==",
      "dependencies": {
        "debug": {
          "version": "2.6.9",
          "resolved": "https://registry.npmjs.org/debug/-/debug-2.6.9.tgz",
          "integrity": "sha512-bC7ElrdJaJnPbAP+1EotYvqZsb3ecl5wi6Bfi6BJTUcNowp6cvspg0jXznRTKDjm/E7AdgFBVeAPVMNcKGsHMA=="
        },
        "ms": {
          "version": "2.0.0",
          "resolved": "https://registry.npmjs.org/ms/-/ms-2.0.0.tgz",
          "integrity": "sha1-VgiurfwAvmwpAd9fmGF4jeDVl8g="
        },
        "qs": {
          "version": "6.7.0",
          "resolved": "https://registry.npmjs.org/qs/-/qs-6.7.0.tgz",
          "integrity": "sha512-VCdBRNFTX1fyE7Nb6FYoURo/SPe62QCaAyzJvUjwRaIsc+NePBEniHlvxFmmX56+HZphIGtV0XeCirBtpDrTyQ=="
        }
      }
    },
    "jsonwebtoken": {
      "version": "8.5.1",
      "resolved": "https://registry.npmjs.org/jsonwebtoken/-/jsonwebtoken-8.5.1.tgz",
      "integrity": "sha512-XjwVfRS6jTMsqYs0EsuJ4LGxXV14zQybNd4L2r0UvbVnSF9Af8x7p5MzbJ90Ioz/9TI41/hTCvznF/loiSzn8w=="
    },
    "lodash": {
      "version": "4.17.15",
      "resolved": "https://registry.npmjs.org/lodash/-/lodash-4.17.15.tgz",
      "integrity": "sha512-8xOcRHvCjnocdS5cpwXQXVzmmh5e5+saE2QGoeQmbKmRS6J3VQppPOIt0MnmE+4xlZoumy0GPG0D0MVIQbNA1A=="
    },
    "mocha": {
      "version": "6.2.0",
      "resolved": "https://registry.npmjs.org/mocha/-/mocha-6.2.0.tgz",
      "integrity": "sha512-qwfFgY+7EKAAUAdv7VYMZQknI7YJSGesxHyhn6qD52DV8UcSZs5XwCifcZGMVIE4a5fbmhvbotxC0DLQ0oKohQ==",
      "dependencies": {
        "ms": {
          "version": "2.1.1",
          "resolved": "https://registry.npmjs.org/ms/-/ms-2.1.1.tgz",
          "integrity": "sha512-tgp+dl5cGk28utYktBsrFqA7HKgrhgPsg6Z/EfhWI4gl1Hwq8B/GmY/0oXZ6nF8hDVesS/FpnYaD/kOWhYQvyg=="
        }
      }
    },
    "mongoose": {
      "version": "5.7.1",
      "resolved": "https://registry.npmjs.org/mongoose/-/mongoose-5.7.1.tgz",
      "integrity": "sha512-TJeZHb5h8UGH++ctngh2shgZuZmR9o0D8elxfkWzIpKB6QAFsJPmALtDuD6RYZTS33+CifhDdAMGqs3OpJ3cyQ=="
    },
    "multer": {
      "version": "1.4.2",
      "resolved": "https://registry.npmjs.org/multer/-/multer-1.4.2.tgz",
      "integrity": "sha512-xY8pX7V+ybyUpbYMxtjM9KAiD9ixtg5/JkeKUTD6xilfDv0vzzOFcCp4Ljb1UU3tSOM3VTZtKo63OmzOrGi3Cg=="
    },
    "nodemon": {
      "version": "1.19.2",
      "resolved": "https://registry.npmjs.org/nodemon/-/nodemon-1.19.2.tgz",
      "integrity": "sha512-hRLYaw5Ihyw9zK7NF+9EUzVyS6Cvgc14yh8CAYr38tPxJa6UrOxwAQ351GwrgoanHCF0FalQFn6w5eoX/LGdJw==",
      "dependencies": {
        "supports-color": {
          "version": "5.5.0",
          "resolved": "https://registry.npmjs.org/supports-color/-/supports-color-5.5.0.tgz",
          "integrity": "sha512-QjVjwdXIt408MIiAqCX4oUKsgU2EqAGzs2Ppkm4aQYbjm+ZEWEcW4SfFNTr4uMNZma0ey4f5lgLrkB0aX0QMow=="
        }
      }
    },
    "nyc": {
      "version": "14.1.1",
      "resolved": "https://registry.npmjs.org/nyc/-/nyc-14.1.1.tgz",
      "integrity": "sha512-OI0vm6ZGUnoGZv/tLdZ2esSVzDwUC88SNs+6JoSOMVxA+gKMB8Tk7jBwgemLx4O40lhhvZCVw1C+OYLOBOPXWw==",
      "dependencies": {
        "make-dir": {
          "version": "2.1.0",
          "resolved": "https://registry.npmjs.org/make-dir/-/make-dir-2.1.0.tgz",
          "integrity": "sha512-LS9X+dc8KLxXCb8dni79fLIIUA5VyZoyjSMCwTluaXA0o27cCK0bhXkpgw+sTXVpPy/lSO57ilRixqk0vDmtRA=="
        },
        "pify": {
          "version": "4.0.1",
          "resolved": "https://registry.npmjs.org/pify/-/pify-4.0.1.tgz",
          "integrity": "sha512-uB80kBFb/tfd68bVleG9T5GGsGPjJrLAUpR5PZIrhBnIaRTQRjqdJSsIKkOP6OAIFbj7GOrcudc5pNjZ+geV2g=="
        },
        "resolve-from": {
          "version": "4.0.0",
          "resolved": "https://registry.npmjs.org/resolve-from/-/resolve-from-4.0.0.tgz",
          "integrity": "sha512-pb/MYmXstAkysRFx8piNI1tGFNQIFA3vkE3Gq4EuA1dF6gHp/+vgZqsCGJapvy8N3Q+4o7FwvquPJcnZ7RYy4g=="
        }
      }
    },
    "swagger-ui-express": {
      "version": "4.1.0",
      "resolved": "https://registry.npmjs.org/swagger-ui-express/-/swagger-ui-express-4.1.0.tgz",
      "integrity": "sha512-sCP7SxIfWr8DAK46RZXaplJIe+1h0cOFIrUw+Jx8vSstlppe7sNR8mFOyDlBwVsqAx6K2BAhKnK88Hkkj28pqw=="
    }
  }
}
